
Microsoft Visual Studio Solution File, Format Version 12.00
# Visual Studio Version 17
VisualStudioVersion = 17.14.36127.28 d17.14
MinimumVisualStudioVersion = 10.0.40219.1
Project("{FAE04EC0-301F-11D3-BF4B-00C04F79EFBC}") = "Projeto", "Projeto\Projeto.csproj", "{C2D03D91-3C11-4DB3-A5A1-CC4D08ABAAA9}"
EndProject
Global
	GlobalSection(SolutionConfigurationPlatforms) = preSolution
		Debug|Any CPU = Debug|Any CPU
		Release|Any CPU = Release|Any CPU
	EndGlobalSection
	GlobalSection(ProjectConfigurationPlatforms) = postSolution
		{C2D03D91-3C11-4DB3-A5A1-CC4D08ABAAA9}.Debug|Any CPU.ActiveCfg = Debug|Any CPU
		{C2D03D91-3C11-4DB3-A5A1-CC4D08ABAAA9}.Debug|Any CPU.Build.0 = Debug|Any CPU
		{C2D03D91-3C11-4DB3-A5A1-CC4D08ABAAA9}.Release|Any CPU.ActiveCfg = Release|Any CPU
		{C2D03D91-3C11-4DB3-A5A1-CC4D08ABAAA9}.Release|Any CPU.Build.0 = Release|Any CPU
	EndGlobalSection
	GlobalSection(SolutionProperties) = preSolution
		HideSolutionNode = FALSE
	EndGlobalSection
	GlobalSection(ExtensibilityGlobals) = postSolution
		SolutionGuid = {0118C9CB-8726-4744-86E9-8FCC5F1024F3}
	EndGlobalSection
EndGlobal
